
Microsoft Visual Studio Solution File, Format Version 12.00
# Visual Studio Version 16
VisualStudioVersion = 16.0.29911.84
MinimumVisualStudioVersion = 10.0.40219.1
Project("{FAE04EC0-301F-11D3-BF4B-00C04F79EFBC}") = "Factory_Design", "Factory_Design\Factory_Design.csproj", "{4355E7FE-2E34-462D-8FCD-9E20D7062840}"
EndProject
Project("{FAE04EC0-301F-11D3-BF4B-00C04F79EFBC}") = "Factory_Design_Test", "Factory_Design_Test\Factory_Design_Test.csproj", "{5815015A-C7EA-4A97-85B6-103BBBEE1F39}"
EndProject
Global
	GlobalSection(SolutionConfigurationPlatforms) = preSolution
		Debug|Any CPU = Debug|Any CPU
		Release|Any CPU = Release|Any CPU
	EndGlobalSection
	GlobalSection(ProjectConfigurationPlatforms) = postSolution
		{4355E7FE-2E34-462D-8FCD-9E20D7062840}.Debug|Any CPU.ActiveCfg = Debug|Any CPU
		{4355E7FE-2E34-462D-8FCD-9E20D7062840}.Debug|Any CPU.Build.0 = Debug|Any CPU
		{4355E7FE-2E34-462D-8FCD-9E20D7062840}.Release|Any CPU.ActiveCfg = Release|Any CPU
		{4355E7FE-2E34-462D-8FCD-9E20D7062840}.Release|Any CPU.Build.0 = Release|Any CPU
		{5815015A-C7EA-4A97-85B6-103BBBEE1F39}.Debug|Any CPU.ActiveCfg = Debug|Any CPU
		{5815015A-C7EA-4A97-85B6-103BBBEE1F39}.Debug|Any CPU.Build.0 = Debug|Any CPU
		{5815015A-C7EA-4A97-85B6-103BBBEE1F39}.Release|Any CPU.ActiveCfg = Release|Any CPU
		{5815015A-C7EA-4A97-85B6-103BBBEE1F39}.Release|Any CPU.Build.0 = Release|Any CPU
	EndGlobalSection
	GlobalSection(SolutionProperties) = preSolution
		HideSolutionNode = FALSE
	EndGlobalSection
	GlobalSection(ExtensibilityGlobals) = postSolution
		SolutionGuid = {930FA0D1-3539-46BA-B961-66E032A28A9C}
	EndGlobalSection
EndGlobal
